// !$*UTF8*$!
{
	archiveVersion = 1;
	classes = {
	};
	objectVersion = 50;
	objects = {

/* Begin PBXBuildFile section */
		042CD91A24F4C49800ADFCB5 /* Login.storyboard in Resources */ = {isa = PBXBuildFile; fileRef = 042CD91924F4C49800ADFCB5 /* Login.storyboard */; };
		042CD92424F4C4EB00ADFCB5 /* SearchViewController.swift in Sources */ = {isa = PBXBuildFile; fileRef = 042CD91C24F4C4EB00ADFCB5 /* SearchViewController.swift */; };
		042CD92524F4C4EB00ADFCB5 /* Search.storyboard in Resources */ = {isa = PBXBuildFile; fileRef = 042CD91D24F4C4EB00ADFCB5 /* Search.storyboard */; };
		042CD92624F4C4EB00ADFCB5 /* SearchResultsMap.storyboard in Resources */ = {isa = PBXBuildFile; fileRef = 042CD91F24F4C4EB00ADFCB5 /* SearchResultsMap.storyboard */; };
		042CD92724F4C4EB00ADFCB5 /* SearchResultsMapViewController.swift in Sources */ = {isa = PBXBuildFile; fileRef = 042CD92024F4C4EB00ADFCB5 /* SearchResultsMapViewController.swift */; };
		042CD92824F4C4EB00ADFCB5 /* SearchResultsListViewController.swift in Sources */ = {isa = PBXBuildFile; fileRef = 042CD92224F4C4EB00ADFCB5 /* SearchResultsListViewController.swift */; };
		042CD92924F4C4EB00ADFCB5 /* SearchResultsList.storyboard in Resources */ = {isa = PBXBuildFile; fileRef = 042CD92324F4C4EB00ADFCB5 /* SearchResultsList.storyboard */; };
		042CD92C24F4C66400ADFCB5 /* FavoriteTrucks.storyboard in Resources */ = {isa = PBXBuildFile; fileRef = 042CD92B24F4C66400ADFCB5 /* FavoriteTrucks.storyboard */; };
		042CD93424F4C6FA00ADFCB5 /* MyTrucks.storyboard in Resources */ = {isa = PBXBuildFile; fileRef = 042CD93324F4C6FA00ADFCB5 /* MyTrucks.storyboard */; };
		042CD93624F4C9C500ADFCB5 /* MainTabBarController.swift in Sources */ = {isa = PBXBuildFile; fileRef = 042CD93524F4C9C500ADFCB5 /* MainTabBarController.swift */; };
		042CD93C24F4CC7300ADFCB5 /* TruckDetailViewController.swift in Sources */ = {isa = PBXBuildFile; fileRef = 042CD93B24F4CC7300ADFCB5 /* TruckDetailViewController.swift */; };
		042CD93F24F4CF7000ADFCB5 /* TruckDetail.storyboard in Resources */ = {isa = PBXBuildFile; fileRef = 042CD93E24F4CF7000ADFCB5 /* TruckDetail.storyboard */; };
		042CD95024F4DAB700ADFCB5 /* MenuItem+Conveniece.swift in Sources */ = {isa = PBXBuildFile; fileRef = 042CD94224F4DAB700ADFCB5 /* MenuItem+Conveniece.swift */; };
		042CD95124F4DAB700ADFCB5 /* FTTData.xcdatamodeld in Sources */ = {isa = PBXBuildFile; fileRef = 042CD94324F4DAB700ADFCB5 /* FTTData.xcdatamodeld */; };
		042CD95524F4DAB700ADFCB5 /* Truck+Conveniece.swift in Sources */ = {isa = PBXBuildFile; fileRef = 042CD94824F4DAB700ADFCB5 /* Truck+Conveniece.swift */; };
		042CD95D24F4DB0000ADFCB5 /* CoreDataStack.swift in Sources */ = {isa = PBXBuildFile; fileRef = 042CD95C24F4DB0000ADFCB5 /* CoreDataStack.swift */; };
		0473F7FF24F7856100FCAB5C /* CalloutView.xib in Resources */ = {isa = PBXBuildFile; fileRef = 0473F7FE24F7856100FCAB5C /* CalloutView.xib */; };
		0473F80124F7869E00FCAB5C /* CalloutView.swift in Sources */ = {isa = PBXBuildFile; fileRef = 0473F80024F7869E00FCAB5C /* CalloutView.swift */; };
		0473F80324F796A300FCAB5C /* Truck+MKAnnotation.swift in Sources */ = {isa = PBXBuildFile; fileRef = 0473F80224F796A300FCAB5C /* Truck+MKAnnotation.swift */; };
		51B1C68124F7302C0001CD78 /* FavoriteTrucksTableViewController.swift in Sources */ = {isa = PBXBuildFile; fileRef = 51B1C68024F7302C0001CD78 /* FavoriteTrucksTableViewController.swift */; };
		51B1C68324F730F10001CD78 /* StarRatingController.swift in Sources */ = {isa = PBXBuildFile; fileRef = 51B1C68224F730F10001CD78 /* StarRatingController.swift */; };
		51B1C68724F73EC70001CD78 /* FTTRepresentation.swift in Sources */ = {isa = PBXBuildFile; fileRef = 51B1C68624F73EC70001CD78 /* FTTRepresentation.swift */; };
		51B1C68924F755AF0001CD78 /* FavoriteTrucksTableViewCell.swift in Sources */ = {isa = PBXBuildFile; fileRef = 51B1C68824F755AF0001CD78 /* FavoriteTrucksTableViewCell.swift */; };
		51D93BBA24EE1C01009FC1A4 /* AppDelegate.swift in Sources */ = {isa = PBXBuildFile; fileRef = 51D93BB924EE1C01009FC1A4 /* AppDelegate.swift */; };
		51D93BBC24EE1C01009FC1A4 /* SceneDelegate.swift in Sources */ = {isa = PBXBuildFile; fileRef = 51D93BBB24EE1C01009FC1A4 /* SceneDelegate.swift */; };
		51D93BC124EE1C01009FC1A4 /* Main.storyboard in Resources */ = {isa = PBXBuildFile; fileRef = 51D93BBF24EE1C01009FC1A4 /* Main.storyboard */; };
		51D93BC324EE1C02009FC1A4 /* Assets.xcassets in Resources */ = {isa = PBXBuildFile; fileRef = 51D93BC224EE1C02009FC1A4 /* Assets.xcassets */; };
		51D93BC624EE1C02009FC1A4 /* LaunchScreen.storyboard in Resources */ = {isa = PBXBuildFile; fileRef = 51D93BC424EE1C02009FC1A4 /* LaunchScreen.storyboard */; };
		51D93BD124EE1C02009FC1A4 /* FoodTruckTrackerTests.swift in Sources */ = {isa = PBXBuildFile; fileRef = 51D93BD024EE1C02009FC1A4 /* FoodTruckTrackerTests.swift */; };
		51D93BDC24EE1C02009FC1A4 /* FoodTruckTrackerUITests.swift in Sources */ = {isa = PBXBuildFile; fileRef = 51D93BDB24EE1C02009FC1A4 /* FoodTruckTrackerUITests.swift */; };
		60A080282EFC4E043ADEAD9A /* Pods_FoodTruckTracker.framework in Frameworks */ = {isa = PBXBuildFile; fileRef = C844942581457EE9796E0E59 /* Pods_FoodTruckTracker.framework */; };
		B15DC9239E331808574B2B93 /* Pods_FoodTruckTrackerTests.framework in Frameworks */ = {isa = PBXBuildFile; fileRef = 303162DB83EEEBDB370A10BF /* Pods_FoodTruckTrackerTests.framework */; };
		E1620C0124F5FBA0007F00AC /* APIController.swift in Sources */ = {isa = PBXBuildFile; fileRef = E1620C0024F5FBA0007F00AC /* APIController.swift */; };
		E17FC1A824F9EA2D0091751A /* Truck.swift in Sources */ = {isa = PBXBuildFile; fileRef = E17FC1A724F9EA2D0091751A /* Truck.swift */; };
		E17FC1AA24FA06250091751A /* TruckRepresentation.swift in Sources */ = {isa = PBXBuildFile; fileRef = E17FC1A924FA06250091751A /* TruckRepresentation.swift */; };
		E17FC1AC24FA06E50091751A /* MenuItemRepresentation.swift in Sources */ = {isa = PBXBuildFile; fileRef = E17FC1AB24FA06E50091751A /* MenuItemRepresentation.swift */; };
		E18BA93424F75226005C54BE /* User.swift in Sources */ = {isa = PBXBuildFile; fileRef = E18BA93324F75226005C54BE /* User.swift */; };
		E18BA93624F7614A005C54BE /* Bearer.swift in Sources */ = {isa = PBXBuildFile; fileRef = E18BA93524F7614A005C54BE /* Bearer.swift */; };
		E1F681CC24F7E4D2007228CE /* LoginViewController.swift in Sources */ = {isa = PBXBuildFile; fileRef = E1F681CB24F7E4D2007228CE /* LoginViewController.swift */; };
		E1F681CE24F7FA50007228CE /* SignUpViewController.swift in Sources */ = {isa = PBXBuildFile; fileRef = E1F681CD24F7FA50007228CE /* SignUpViewController.swift */; };
		E4D5D64B24F5FBCD0082374F /* MyTrucksTableViewController.swift in Sources */ = {isa = PBXBuildFile; fileRef = E4D5D64A24F5FBCD0082374F /* MyTrucksTableViewController.swift */; };
		E4D5D64D24F60D690082374F /* MenuTableViewController.swift in Sources */ = {isa = PBXBuildFile; fileRef = E4D5D64C24F60D690082374F /* MenuTableViewController.swift */; };
		E4D5D65124F60D980082374F /* MenuViewController.swift in Sources */ = {isa = PBXBuildFile; fileRef = E4D5D65024F60D980082374F /* MenuViewController.swift */; };
		E4D5D65324F60EC40082374F /* TruckTableViewCell.swift in Sources */ = {isa = PBXBuildFile; fileRef = E4D5D65224F60EC40082374F /* TruckTableViewCell.swift */; };
		E4D5D65524F60EEA0082374F /* FoodTableViewCell.swift in Sources */ = {isa = PBXBuildFile; fileRef = E4D5D65424F60EEA0082374F /* FoodTableViewCell.swift */; };
		E4D5D65724F742670082374F /* TruckController.swift in Sources */ = {isa = PBXBuildFile; fileRef = E4D5D65624F742670082374F /* TruckController.swift */; };
		F15ADC7FA9FF140063D711D1 /* Pods_FoodTruckTracker_FoodTruckTrackerUITests.framework in Frameworks */ = {isa = PBXBuildFile; fileRef = 9DA8B1663F5F30EF79D8032D /* Pods_FoodTruckTracker_FoodTruckTrackerUITests.framework */; };
/* End PBXBuildFile section */

/* Begin PBXContainerItemProxy section */
		51D93BCD24EE1C02009FC1A4 /* PBXContainerItemProxy */ = {
			isa = PBXContainerItemProxy;
			containerPortal = 51D93BAE24EE1C01009FC1A4 /* Project object */;
			proxyType = 1;
			remoteGlobalIDString = 51D93BB524EE1C01009FC1A4;
			remoteInfo = FoodTruckTracker;
		};
		51D93BD824EE1C02009FC1A4 /* PBXContainerItemProxy */ = {
			isa = PBXContainerItemProxy;
			containerPortal = 51D93BAE24EE1C01009FC1A4 /* Project object */;
			proxyType = 1;
			remoteGlobalIDString = 51D93BB524EE1C01009FC1A4;
			remoteInfo = FoodTruckTracker;
		};
/* End PBXContainerItemProxy section */

/* Begin PBXFileReference section */
		042CD91924F4C49800ADFCB5 /* Login.storyboard */ = {isa = PBXFileReference; lastKnownFileType = file.storyboard; path = Login.storyboard; sourceTree = "<group>"; };
		042CD91C24F4C4EB00ADFCB5 /* SearchViewController.swift */ = {isa = PBXFileReference; fileEncoding = 4; lastKnownFileType = sourcecode.swift; path = SearchViewController.swift; sourceTree = "<group>"; };
		042CD91D24F4C4EB00ADFCB5 /* Search.storyboard */ = {isa = PBXFileReference; fileEncoding = 4; lastKnownFileType = file.storyboard; path = Search.storyboard; sourceTree = "<group>"; };
		042CD91F24F4C4EB00ADFCB5 /* SearchResultsMap.storyboard */ = {isa = PBXFileReference; fileEncoding = 4; lastKnownFileType = file.storyboard; path = SearchResultsMap.storyboard; sourceTree = "<group>"; };
		042CD92024F4C4EB00ADFCB5 /* SearchResultsMapViewController.swift */ = {isa = PBXFileReference; fileEncoding = 4; lastKnownFileType = sourcecode.swift; path = SearchResultsMapViewController.swift; sourceTree = "<group>"; };
		042CD92224F4C4EB00ADFCB5 /* SearchResultsListViewController.swift */ = {isa = PBXFileReference; fileEncoding = 4; lastKnownFileType = sourcecode.swift; path = SearchResultsListViewController.swift; sourceTree = "<group>"; };
		042CD92324F4C4EB00ADFCB5 /* SearchResultsList.storyboard */ = {isa = PBXFileReference; fileEncoding = 4; lastKnownFileType = file.storyboard; path = SearchResultsList.storyboard; sourceTree = "<group>"; };
		042CD92B24F4C66400ADFCB5 /* FavoriteTrucks.storyboard */ = {isa = PBXFileReference; lastKnownFileType = file.storyboard; path = FavoriteTrucks.storyboard; sourceTree = "<group>"; };
		042CD92E24F4C69900ADFCB5 /* FavoriteTrucksViewController.swift */ = {isa = PBXFileReference; lastKnownFileType = sourcecode.swift; path = FavoriteTrucksViewController.swift; sourceTree = "<group>"; };
		042CD93024F4C6DA00ADFCB5 /* MyTrucksViewController.swift */ = {isa = PBXFileReference; lastKnownFileType = sourcecode.swift; path = MyTrucksViewController.swift; sourceTree = "<group>"; };
		042CD93324F4C6FA00ADFCB5 /* MyTrucks.storyboard */ = {isa = PBXFileReference; lastKnownFileType = file.storyboard; path = MyTrucks.storyboard; sourceTree = "<group>"; };
		042CD93524F4C9C500ADFCB5 /* MainTabBarController.swift */ = {isa = PBXFileReference; lastKnownFileType = sourcecode.swift; path = MainTabBarController.swift; sourceTree = "<group>"; };
		042CD93B24F4CC7300ADFCB5 /* TruckDetailViewController.swift */ = {isa = PBXFileReference; lastKnownFileType = sourcecode.swift; path = TruckDetailViewController.swift; sourceTree = "<group>"; };
		042CD93E24F4CF7000ADFCB5 /* TruckDetail.storyboard */ = {isa = PBXFileReference; lastKnownFileType = file.storyboard; path = TruckDetail.storyboard; sourceTree = "<group>"; };
		042CD94224F4DAB700ADFCB5 /* MenuItem+Conveniece.swift */ = {isa = PBXFileReference; fileEncoding = 4; lastKnownFileType = sourcecode.swift; path = "MenuItem+Conveniece.swift"; sourceTree = "<group>"; };
		042CD94424F4DAB700ADFCB5 /* FTTData.xcdatamodel */ = {isa = PBXFileReference; lastKnownFileType = wrapper.xcdatamodel; path = FTTData.xcdatamodel; sourceTree = "<group>"; };
		042CD94824F4DAB700ADFCB5 /* Truck+Conveniece.swift */ = {isa = PBXFileReference; fileEncoding = 4; lastKnownFileType = sourcecode.swift; path = "Truck+Conveniece.swift"; sourceTree = "<group>"; };
		042CD95C24F4DB0000ADFCB5 /* CoreDataStack.swift */ = {isa = PBXFileReference; lastKnownFileType = sourcecode.swift; path = CoreDataStack.swift; sourceTree = "<group>"; };
		0473F7FE24F7856100FCAB5C /* CalloutView.xib */ = {isa = PBXFileReference; lastKnownFileType = file.xib; path = CalloutView.xib; sourceTree = "<group>"; };
		0473F80024F7869E00FCAB5C /* CalloutView.swift */ = {isa = PBXFileReference; lastKnownFileType = sourcecode.swift; path = CalloutView.swift; sourceTree = "<group>"; };
		0473F80224F796A300FCAB5C /* Truck+MKAnnotation.swift */ = {isa = PBXFileReference; lastKnownFileType = sourcecode.swift; path = "Truck+MKAnnotation.swift"; sourceTree = "<group>"; };
		067E8D58DAEAB9C008A63112 /* Pods-FoodTruckTracker.release.xcconfig */ = {isa = PBXFileReference; includeInIndex = 1; lastKnownFileType = text.xcconfig; name = "Pods-FoodTruckTracker.release.xcconfig"; path = "Target Support Files/Pods-FoodTruckTracker/Pods-FoodTruckTracker.release.xcconfig"; sourceTree = "<group>"; };
		1134341206100CD3EB552737 /* Pods-FoodTruckTrackerTests.release.xcconfig */ = {isa = PBXFileReference; includeInIndex = 1; lastKnownFileType = text.xcconfig; name = "Pods-FoodTruckTrackerTests.release.xcconfig"; path = "Target Support Files/Pods-FoodTruckTrackerTests/Pods-FoodTruckTrackerTests.release.xcconfig"; sourceTree = "<group>"; };
		2C4620CE0F4EE2356D504324 /* Pods-FoodTruckTrackerTests.debug.xcconfig */ = {isa = PBXFileReference; includeInIndex = 1; lastKnownFileType = text.xcconfig; name = "Pods-FoodTruckTrackerTests.debug.xcconfig"; path = "Target Support Files/Pods-FoodTruckTrackerTests/Pods-FoodTruckTrackerTests.debug.xcconfig"; sourceTree = "<group>"; };
		303162DB83EEEBDB370A10BF /* Pods_FoodTruckTrackerTests.framework */ = {isa = PBXFileReference; explicitFileType = wrapper.framework; includeInIndex = 0; path = Pods_FoodTruckTrackerTests.framework; sourceTree = BUILT_PRODUCTS_DIR; };
		51B1C68024F7302C0001CD78 /* FavoriteTrucksTableViewController.swift */ = {isa = PBXFileReference; lastKnownFileType = sourcecode.swift; path = FavoriteTrucksTableViewController.swift; sourceTree = "<group>"; };
		51B1C68224F730F10001CD78 /* StarRatingController.swift */ = {isa = PBXFileReference; lastKnownFileType = sourcecode.swift; path = StarRatingController.swift; sourceTree = "<group>"; };
		51B1C68624F73EC70001CD78 /* FTTRepresentation.swift */ = {isa = PBXFileReference; lastKnownFileType = sourcecode.swift; path = FTTRepresentation.swift; sourceTree = "<group>"; };
		51B1C68824F755AF0001CD78 /* FavoriteTrucksTableViewCell.swift */ = {isa = PBXFileReference; lastKnownFileType = sourcecode.swift; path = FavoriteTrucksTableViewCell.swift; sourceTree = "<group>"; };
		51D93BB624EE1C01009FC1A4 /* FoodTruckTracker.app */ = {isa = PBXFileReference; explicitFileType = wrapper.application; includeInIndex = 0; path = FoodTruckTracker.app; sourceTree = BUILT_PRODUCTS_DIR; };
		51D93BB924EE1C01009FC1A4 /* AppDelegate.swift */ = {isa = PBXFileReference; lastKnownFileType = sourcecode.swift; path = AppDelegate.swift; sourceTree = "<group>"; };
		51D93BBB24EE1C01009FC1A4 /* SceneDelegate.swift */ = {isa = PBXFileReference; lastKnownFileType = sourcecode.swift; path = SceneDelegate.swift; sourceTree = "<group>"; };
		51D93BC024EE1C01009FC1A4 /* Base */ = {isa = PBXFileReference; lastKnownFileType = file.storyboard; name = Base; path = Base.lproj/Main.storyboard; sourceTree = "<group>"; };
		51D93BC224EE1C02009FC1A4 /* Assets.xcassets */ = {isa = PBXFileReference; lastKnownFileType = folder.assetcatalog; path = Assets.xcassets; sourceTree = "<group>"; };
		51D93BC524EE1C02009FC1A4 /* Base */ = {isa = PBXFileReference; lastKnownFileType = file.storyboard; name = Base; path = Base.lproj/LaunchScreen.storyboard; sourceTree = "<group>"; };
		51D93BC724EE1C02009FC1A4 /* Info.plist */ = {isa = PBXFileReference; lastKnownFileType = text.plist.xml; path = Info.plist; sourceTree = "<group>"; };
		51D93BCC24EE1C02009FC1A4 /* FoodTruckTrackerTests.xctest */ = {isa = PBXFileReference; explicitFileType = wrapper.cfbundle; includeInIndex = 0; path = FoodTruckTrackerTests.xctest; sourceTree = BUILT_PRODUCTS_DIR; };
		51D93BD024EE1C02009FC1A4 /* FoodTruckTrackerTests.swift */ = {isa = PBXFileReference; lastKnownFileType = sourcecode.swift; path = FoodTruckTrackerTests.swift; sourceTree = "<group>"; };
		51D93BD224EE1C02009FC1A4 /* Info.plist */ = {isa = PBXFileReference; lastKnownFileType = text.plist.xml; path = Info.plist; sourceTree = "<group>"; };
		51D93BD724EE1C02009FC1A4 /* FoodTruckTrackerUITests.xctest */ = {isa = PBXFileReference; explicitFileType = wrapper.cfbundle; includeInIndex = 0; path = FoodTruckTrackerUITests.xctest; sourceTree = BUILT_PRODUCTS_DIR; };
		51D93BDB24EE1C02009FC1A4 /* FoodTruckTrackerUITests.swift */ = {isa = PBXFileReference; lastKnownFileType = sourcecode.swift; path = FoodTruckTrackerUITests.swift; sourceTree = "<group>"; };
		51D93BDD24EE1C02009FC1A4 /* Info.plist */ = {isa = PBXFileReference; lastKnownFileType = text.plist.xml; path = Info.plist; sourceTree = "<group>"; };
		9DA8B1663F5F30EF79D8032D /* Pods_FoodTruckTracker_FoodTruckTrackerUITests.framework */ = {isa = PBXFileReference; explicitFileType = wrapper.framework; includeInIndex = 0; path = Pods_FoodTruckTracker_FoodTruckTrackerUITests.framework; sourceTree = BUILT_PRODUCTS_DIR; };
		B19DE097E57357FB57818C1D /* Pods-FoodTruckTracker-FoodTruckTrackerUITests.release.xcconfig */ = {isa = PBXFileReference; includeInIndex = 1; lastKnownFileType = text.xcconfig; name = "Pods-FoodTruckTracker-FoodTruckTrackerUITests.release.xcconfig"; path = "Target Support Files/Pods-FoodTruckTracker-FoodTruckTrackerUITests/Pods-FoodTruckTracker-FoodTruckTrackerUITests.release.xcconfig"; sourceTree = "<group>"; };
		C844942581457EE9796E0E59 /* Pods_FoodTruckTracker.framework */ = {isa = PBXFileReference; explicitFileType = wrapper.framework; includeInIndex = 0; path = Pods_FoodTruckTracker.framework; sourceTree = BUILT_PRODUCTS_DIR; };
		C89ADC8A7D1102BDFBE28662 /* Pods-FoodTruckTracker-FoodTruckTrackerUITests.debug.xcconfig */ = {isa = PBXFileReference; includeInIndex = 1; lastKnownFileType = text.xcconfig; name = "Pods-FoodTruckTracker-FoodTruckTrackerUITests.debug.xcconfig"; path = "Target Support Files/Pods-FoodTruckTracker-FoodTruckTrackerUITests/Pods-FoodTruckTracker-FoodTruckTrackerUITests.debug.xcconfig"; sourceTree = "<group>"; };
		E1620C0024F5FBA0007F00AC /* APIController.swift */ = {isa = PBXFileReference; lastKnownFileType = sourcecode.swift; path = APIController.swift; sourceTree = "<group>"; };
		E17FC1A724F9EA2D0091751A /* Truck.swift */ = {isa = PBXFileReference; lastKnownFileType = sourcecode.swift; path = Truck.swift; sourceTree = "<group>"; };
		E17FC1A924FA06250091751A /* TruckRepresentation.swift */ = {isa = PBXFileReference; lastKnownFileType = sourcecode.swift; path = TruckRepresentation.swift; sourceTree = "<group>"; };
		E17FC1AB24FA06E50091751A /* MenuItemRepresentation.swift */ = {isa = PBXFileReference; lastKnownFileType = sourcecode.swift; path = MenuItemRepresentation.swift; sourceTree = "<group>"; };
		E18BA93324F75226005C54BE /* User.swift */ = {isa = PBXFileReference; lastKnownFileType = sourcecode.swift; path = User.swift; sourceTree = "<group>"; };
		E18BA93524F7614A005C54BE /* Bearer.swift */ = {isa = PBXFileReference; lastKnownFileType = sourcecode.swift; path = Bearer.swift; sourceTree = "<group>"; };
		E1F681CB24F7E4D2007228CE /* LoginViewController.swift */ = {isa = PBXFileReference; lastKnownFileType = sourcecode.swift; path = LoginViewController.swift; sourceTree = "<group>"; };
		E1F681CD24F7FA50007228CE /* SignUpViewController.swift */ = {isa = PBXFileReference; lastKnownFileType = sourcecode.swift; path = SignUpViewController.swift; sourceTree = "<group>"; };
		E4D5D64A24F5FBCD0082374F /* MyTrucksTableViewController.swift */ = {isa = PBXFileReference; lastKnownFileType = sourcecode.swift; path = MyTrucksTableViewController.swift; sourceTree = "<group>"; };
		E4D5D64C24F60D690082374F /* MenuTableViewController.swift */ = {isa = PBXFileReference; lastKnownFileType = sourcecode.swift; path = MenuTableViewController.swift; sourceTree = "<group>"; };
		E4D5D65024F60D980082374F /* MenuViewController.swift */ = {isa = PBXFileReference; lastKnownFileType = sourcecode.swift; path = MenuViewController.swift; sourceTree = "<group>"; };
		E4D5D65224F60EC40082374F /* TruckTableViewCell.swift */ = {isa = PBXFileReference; lastKnownFileType = sourcecode.swift; path = TruckTableViewCell.swift; sourceTree = "<group>"; };
		E4D5D65424F60EEA0082374F /* FoodTableViewCell.swift */ = {isa = PBXFileReference; lastKnownFileType = sourcecode.swift; path = FoodTableViewCell.swift; sourceTree = "<group>"; };
		E4D5D65624F742670082374F /* TruckController.swift */ = {isa = PBXFileReference; lastKnownFileType = sourcecode.swift; path = TruckController.swift; sourceTree = "<group>"; };
		EF06AAF406FB457FDEC28EC1 /* Pods-FoodTruckTracker.debug.xcconfig */ = {isa = PBXFileReference; includeInIndex = 1; lastKnownFileType = text.xcconfig; name = "Pods-FoodTruckTracker.debug.xcconfig"; path = "Target Support Files/Pods-FoodTruckTracker/Pods-FoodTruckTracker.debug.xcconfig"; sourceTree = "<group>"; };
/* End PBXFileReference section */

/* Begin PBXFrameworksBuildPhase section */
		51D93BB324EE1C01009FC1A4 /* Frameworks */ = {
			isa = PBXFrameworksBuildPhase;
			buildActionMask = 2147483647;
			files = (
				60A080282EFC4E043ADEAD9A /* Pods_FoodTruckTracker.framework in Frameworks */,
			);
			runOnlyForDeploymentPostprocessing = 0;
		};
		51D93BC924EE1C02009FC1A4 /* Frameworks */ = {
			isa = PBXFrameworksBuildPhase;
			buildActionMask = 2147483647;
			files = (
				B15DC9239E331808574B2B93 /* Pods_FoodTruckTrackerTests.framework in Frameworks */,
			);
			runOnlyForDeploymentPostprocessing = 0;
		};
		51D93BD424EE1C02009FC1A4 /* Frameworks */ = {
			isa = PBXFrameworksBuildPhase;
			buildActionMask = 2147483647;
			files = (
				F15ADC7FA9FF140063D711D1 /* Pods_FoodTruckTracker_FoodTruckTrackerUITests.framework in Frameworks */,
			);
			runOnlyForDeploymentPostprocessing = 0;
		};
/* End PBXFrameworksBuildPhase section */

/* Begin PBXGroup section */
		042CD91B24F4C4EB00ADFCB5 /* Search */ = {
			isa = PBXGroup;
			children = (
				042CD91D24F4C4EB00ADFCB5 /* Search.storyboard */,
				042CD91C24F4C4EB00ADFCB5 /* SearchViewController.swift */,
				042CD91E24F4C4EB00ADFCB5 /* Map */,
				042CD92124F4C4EB00ADFCB5 /* List */,
			);
			path = Search;
			sourceTree = "<group>";
		};
		042CD91E24F4C4EB00ADFCB5 /* Map */ = {
			isa = PBXGroup;
			children = (
				042CD91F24F4C4EB00ADFCB5 /* SearchResultsMap.storyboard */,
				042CD92024F4C4EB00ADFCB5 /* SearchResultsMapViewController.swift */,
				0473F80224F796A300FCAB5C /* Truck+MKAnnotation.swift */,
				0473F7FE24F7856100FCAB5C /* CalloutView.xib */,
				0473F80024F7869E00FCAB5C /* CalloutView.swift */,
			);
			path = Map;
			sourceTree = "<group>";
		};
		042CD92124F4C4EB00ADFCB5 /* List */ = {
			isa = PBXGroup;
			children = (
				042CD92324F4C4EB00ADFCB5 /* SearchResultsList.storyboard */,
				042CD92224F4C4EB00ADFCB5 /* SearchResultsListViewController.swift */,
			);
			path = List;
			sourceTree = "<group>";
		};
		042CD92A24F4C4F900ADFCB5 /* Login */ = {
			isa = PBXGroup;
			children = (
				042CD91924F4C49800ADFCB5 /* Login.storyboard */,
				E1F681CB24F7E4D2007228CE /* LoginViewController.swift */,
				E1F681CD24F7FA50007228CE /* SignUpViewController.swift */,
			);
			path = Login;
			sourceTree = "<group>";
		};
		042CD92D24F4C68400ADFCB5 /* FavoriteTrucks */ = {
			isa = PBXGroup;
			children = (
				042CD92B24F4C66400ADFCB5 /* FavoriteTrucks.storyboard */,
				51B1C68024F7302C0001CD78 /* FavoriteTrucksTableViewController.swift */,
				51B1C68224F730F10001CD78 /* StarRatingController.swift */,
				51B1C68824F755AF0001CD78 /* FavoriteTrucksTableViewCell.swift */,
			);
			path = FavoriteTrucks;
			sourceTree = "<group>";
		};
		042CD93224F4C6E400ADFCB5 /* MyTrucks */ = {
			isa = PBXGroup;
			children = (
				042CD93324F4C6FA00ADFCB5 /* MyTrucks.storyboard */,
				E4D5D64A24F5FBCD0082374F /* MyTrucksTableViewController.swift */,
				E4D5D64C24F60D690082374F /* MenuTableViewController.swift */,
				042CD93B24F4CC7300ADFCB5 /* TruckDetailViewController.swift */,
				E4D5D65024F60D980082374F /* MenuViewController.swift */,
				E4D5D65224F60EC40082374F /* TruckTableViewCell.swift */,
				E4D5D65424F60EEA0082374F /* FoodTableViewCell.swift */,
				E4D5D65624F742670082374F /* TruckController.swift */,
			);
			path = MyTrucks;
			sourceTree = "<group>";
		};
		042CD93724F4CAE500ADFCB5 /* App */ = {
			isa = PBXGroup;
			children = (
				51D93BB924EE1C01009FC1A4 /* AppDelegate.swift */,
				51D93BBB24EE1C01009FC1A4 /* SceneDelegate.swift */,
				51D93BC224EE1C02009FC1A4 /* Assets.xcassets */,
				51D93BC424EE1C02009FC1A4 /* LaunchScreen.storyboard */,
				51D93BC724EE1C02009FC1A4 /* Info.plist */,
			);
			path = App;
			sourceTree = "<group>";
		};
		042CD93824F4CB1700ADFCB5 /* TabBar */ = {
			isa = PBXGroup;
			children = (
				51D93BBF24EE1C01009FC1A4 /* Main.storyboard */,
				042CD93524F4C9C500ADFCB5 /* MainTabBarController.swift */,
			);
			path = TabBar;
			sourceTree = "<group>";
		};
		042CD93D24F4CC7800ADFCB5 /* TruckDetail */ = {
			isa = PBXGroup;
			children = (
				042CD93E24F4CF7000ADFCB5 /* TruckDetail.storyboard */,
			);
			path = TruckDetail;
			sourceTree = "<group>";
		};
		042CD94024F4DAB700ADFCB5 /* CoreData */ = {
			isa = PBXGroup;
			children = (
				042CD95C24F4DB0000ADFCB5 /* CoreDataStack.swift */,
				042CD94224F4DAB700ADFCB5 /* MenuItem+Conveniece.swift */,
				042CD94324F4DAB700ADFCB5 /* FTTData.xcdatamodeld */,
				042CD94824F4DAB700ADFCB5 /* Truck+Conveniece.swift */,
				51B1C68624F73EC70001CD78 /* FTTRepresentation.swift */,
				E17FC1A924FA06250091751A /* TruckRepresentation.swift */,
				E17FC1AB24FA06E50091751A /* MenuItemRepresentation.swift */,
			);
			path = CoreData;
			sourceTree = "<group>";
		};
		2CA071EFFBB53158711D14EF /* Pods */ = {
			isa = PBXGroup;
			children = (
				EF06AAF406FB457FDEC28EC1 /* Pods-FoodTruckTracker.debug.xcconfig */,
				067E8D58DAEAB9C008A63112 /* Pods-FoodTruckTracker.release.xcconfig */,
				C89ADC8A7D1102BDFBE28662 /* Pods-FoodTruckTracker-FoodTruckTrackerUITests.debug.xcconfig */,
				B19DE097E57357FB57818C1D /* Pods-FoodTruckTracker-FoodTruckTrackerUITests.release.xcconfig */,
				2C4620CE0F4EE2356D504324 /* Pods-FoodTruckTrackerTests.debug.xcconfig */,
				1134341206100CD3EB552737 /* Pods-FoodTruckTrackerTests.release.xcconfig */,
			);
			path = Pods;
			sourceTree = "<group>";
		};
		51D93BAD24EE1C01009FC1A4 = {
			isa = PBXGroup;
			children = (
				51D93BB824EE1C01009FC1A4 /* FoodTruckTracker */,
				51D93BCF24EE1C02009FC1A4 /* FoodTruckTrackerTests */,
				51D93BDA24EE1C02009FC1A4 /* FoodTruckTrackerUITests */,
				51D93BB724EE1C01009FC1A4 /* Products */,
				2CA071EFFBB53158711D14EF /* Pods */,
				FA58BAA6FE3BE509867F1019 /* Frameworks */,
				E49AC9FB24F76BA3005200BF /* Recovered References */,
			);
			sourceTree = "<group>";
		};
		51D93BB724EE1C01009FC1A4 /* Products */ = {
			isa = PBXGroup;
			children = (
				51D93BB624EE1C01009FC1A4 /* FoodTruckTracker.app */,
				51D93BCC24EE1C02009FC1A4 /* FoodTruckTrackerTests.xctest */,
				51D93BD724EE1C02009FC1A4 /* FoodTruckTrackerUITests.xctest */,
			);
			name = Products;
			sourceTree = "<group>";
		};
		51D93BB824EE1C01009FC1A4 /* FoodTruckTracker */ = {
			isa = PBXGroup;
			children = (
				E1620C0224F60589007F00AC /* Model */,
				042CD94024F4DAB700ADFCB5 /* CoreData */,
				042CD93724F4CAE500ADFCB5 /* App */,
				042CD92A24F4C4F900ADFCB5 /* Login */,
				042CD93824F4CB1700ADFCB5 /* TabBar */,
				042CD91B24F4C4EB00ADFCB5 /* Search */,
				042CD92D24F4C68400ADFCB5 /* FavoriteTrucks */,
				042CD93224F4C6E400ADFCB5 /* MyTrucks */,
				042CD93D24F4CC7800ADFCB5 /* TruckDetail */,
			);
			path = FoodTruckTracker;
			sourceTree = "<group>";
		};
		51D93BCF24EE1C02009FC1A4 /* FoodTruckTrackerTests */ = {
			isa = PBXGroup;
			children = (
				51D93BD024EE1C02009FC1A4 /* FoodTruckTrackerTests.swift */,
				51D93BD224EE1C02009FC1A4 /* Info.plist */,
			);
			path = FoodTruckTrackerTests;
			sourceTree = "<group>";
		};
		51D93BDA24EE1C02009FC1A4 /* FoodTruckTrackerUITests */ = {
			isa = PBXGroup;
			children = (
				51D93BDB24EE1C02009FC1A4 /* FoodTruckTrackerUITests.swift */,
				51D93BDD24EE1C02009FC1A4 /* Info.plist */,
			);
			path = FoodTruckTrackerUITests;
			sourceTree = "<group>";
		};
		E1620C0224F60589007F00AC /* Model */ = {
			isa = PBXGroup;
			children = (
				E1620C0024F5FBA0007F00AC /* APIController.swift */,
				E18BA93324F75226005C54BE /* User.swift */,
				E18BA93524F7614A005C54BE /* Bearer.swift */,
				E17FC1A724F9EA2D0091751A /* Truck.swift */,
			);
			path = Model;
			sourceTree = "<group>";
		};
		E49AC9FB24F76BA3005200BF /* Recovered References */ = {
			isa = PBXGroup;
			children = (
				042CD92E24F4C69900ADFCB5 /* FavoriteTrucksViewController.swift */,
				042CD93024F4C6DA00ADFCB5 /* MyTrucksViewController.swift */,
			);
			name = "Recovered References";
			sourceTree = "<group>";
		};
		FA58BAA6FE3BE509867F1019 /* Frameworks */ = {
			isa = PBXGroup;
			children = (
				C844942581457EE9796E0E59 /* Pods_FoodTruckTracker.framework */,
				9DA8B1663F5F30EF79D8032D /* Pods_FoodTruckTracker_FoodTruckTrackerUITests.framework */,
				303162DB83EEEBDB370A10BF /* Pods_FoodTruckTrackerTests.framework */,
			);
			name = Frameworks;
			sourceTree = "<group>";
		};
/* End PBXGroup section */

/* Begin PBXNativeTarget section */
		51D93BB524EE1C01009FC1A4 /* FoodTruckTracker */ = {
			isa = PBXNativeTarget;
			buildConfigurationList = 51D93BE024EE1C02009FC1A4 /* Build configuration list for PBXNativeTarget "FoodTruckTracker" */;
			buildPhases = (
				E33528DD3E06FC8B69D29D14 /* [CP] Check Pods Manifest.lock */,
				51D93BB224EE1C01009FC1A4 /* Sources */,
				51D93BB324EE1C01009FC1A4 /* Frameworks */,
				51D93BB424EE1C01009FC1A4 /* Resources */,
				51D93BE924EE1CB0009FC1A4 /* ShellScript */,
			);
			buildRules = (
			);
			dependencies = (
			);
			name = FoodTruckTracker;
			productName = FoodTruckTracker;
			productReference = 51D93BB624EE1C01009FC1A4 /* FoodTruckTracker.app */;
			productType = "com.apple.product-type.application";
		};
		51D93BCB24EE1C02009FC1A4 /* FoodTruckTrackerTests */ = {
			isa = PBXNativeTarget;
			buildConfigurationList = 51D93BE324EE1C02009FC1A4 /* Build configuration list for PBXNativeTarget "FoodTruckTrackerTests" */;
			buildPhases = (
				E382044243FEE20FA8E843DB /* [CP] Check Pods Manifest.lock */,
				51D93BC824EE1C02009FC1A4 /* Sources */,
				51D93BC924EE1C02009FC1A4 /* Frameworks */,
				51D93BCA24EE1C02009FC1A4 /* Resources */,
			);
			buildRules = (
			);
			dependencies = (
				51D93BCE24EE1C02009FC1A4 /* PBXTargetDependency */,
			);
			name = FoodTruckTrackerTests;
			productName = FoodTruckTrackerTests;
			productReference = 51D93BCC24EE1C02009FC1A4 /* FoodTruckTrackerTests.xctest */;
			productType = "com.apple.product-type.bundle.unit-test";
		};
		51D93BD624EE1C02009FC1A4 /* FoodTruckTrackerUITests */ = {
			isa = PBXNativeTarget;
			buildConfigurationList = 51D93BE624EE1C02009FC1A4 /* Build configuration list for PBXNativeTarget "FoodTruckTrackerUITests" */;
			buildPhases = (
				D754F37D3A49973C51634CD2 /* [CP] Check Pods Manifest.lock */,
				51D93BD324EE1C02009FC1A4 /* Sources */,
				51D93BD424EE1C02009FC1A4 /* Frameworks */,
				51D93BD524EE1C02009FC1A4 /* Resources */,
			);
			buildRules = (
			);
			dependencies = (
				51D93BD924EE1C02009FC1A4 /* PBXTargetDependency */,
			);
			name = FoodTruckTrackerUITests;
			productName = FoodTruckTrackerUITests;
			productReference = 51D93BD724EE1C02009FC1A4 /* FoodTruckTrackerUITests.xctest */;
			productType = "com.apple.product-type.bundle.ui-testing";
		};
/* End PBXNativeTarget section */

/* Begin PBXProject section */
		51D93BAE24EE1C01009FC1A4 /* Project object */ = {
			isa = PBXProject;
			attributes = {
				LastSwiftUpdateCheck = 1160;
				LastUpgradeCheck = 1160;
				ORGANIZATIONNAME = "Josh Kocsis";
				TargetAttributes = {
					51D93BB524EE1C01009FC1A4 = {
						CreatedOnToolsVersion = 11.6;
					};
					51D93BCB24EE1C02009FC1A4 = {
						CreatedOnToolsVersion = 11.6;
						TestTargetID = 51D93BB524EE1C01009FC1A4;
					};
					51D93BD624EE1C02009FC1A4 = {
						CreatedOnToolsVersion = 11.6;
						TestTargetID = 51D93BB524EE1C01009FC1A4;
					};
				};
			};
			buildConfigurationList = 51D93BB124EE1C01009FC1A4 /* Build configuration list for PBXProject "FoodTruckTracker" */;
			compatibilityVersion = "Xcode 9.3";
			developmentRegion = en;
			hasScannedForEncodings = 0;
			knownRegions = (
				en,
				Base,
			);
			mainGroup = 51D93BAD24EE1C01009FC1A4;
			productRefGroup = 51D93BB724EE1C01009FC1A4 /* Products */;
			projectDirPath = "";
			projectRoot = "";
			targets = (
				51D93BB524EE1C01009FC1A4 /* FoodTruckTracker */,
				51D93BCB24EE1C02009FC1A4 /* FoodTruckTrackerTests */,
				51D93BD624EE1C02009FC1A4 /* FoodTruckTrackerUITests */,
			);
		};
/* End PBXProject section */

/* Begin PBXResourcesBuildPhase section */
		51D93BB424EE1C01009FC1A4 /* Resources */ = {
			isa = PBXResourcesBuildPhase;
			buildActionMask = 2147483647;
			files = (
				042CD91A24F4C49800ADFCB5 /* Login.storyboard in Resources */,
				042CD92924F4C4EB00ADFCB5 /* SearchResultsList.storyboard in Resources */,
				51D93BC624EE1C02009FC1A4 /* LaunchScreen.storyboard in Resources */,
				51D93BC324EE1C02009FC1A4 /* Assets.xcassets in Resources */,
				51D93BC124EE1C01009FC1A4 /* Main.storyboard in Resources */,
				042CD93424F4C6FA00ADFCB5 /* MyTrucks.storyboard in Resources */,
				0473F7FF24F7856100FCAB5C /* CalloutView.xib in Resources */,
				042CD92524F4C4EB00ADFCB5 /* Search.storyboard in Resources */,
				042CD93F24F4CF7000ADFCB5 /* TruckDetail.storyboard in Resources */,
				042CD92C24F4C66400ADFCB5 /* FavoriteTrucks.storyboard in Resources */,
				042CD92624F4C4EB00ADFCB5 /* SearchResultsMap.storyboard in Resources */,
			);
			runOnlyForDeploymentPostprocessing = 0;
		};
		51D93BCA24EE1C02009FC1A4 /* Resources */ = {
			isa = PBXResourcesBuildPhase;
			buildActionMask = 2147483647;
			files = (
			);
			runOnlyForDeploymentPostprocessing = 0;
		};
		51D93BD524EE1C02009FC1A4 /* Resources */ = {
			isa = PBXResourcesBuildPhase;
			buildActionMask = 2147483647;
			files = (
			);
			runOnlyForDeploymentPostprocessing = 0;
		};
/* End PBXResourcesBuildPhase section */

/* Begin PBXShellScriptBuildPhase section */
		51D93BE924EE1CB0009FC1A4 /* ShellScript */ = {
			isa = PBXShellScriptBuildPhase;
			buildActionMask = 2147483647;
			files = (
			);
			inputFileListPaths = (
			);
			inputPaths = (
			);
			outputFileListPaths = (
			);
			outputPaths = (
			);
			runOnlyForDeploymentPostprocessing = 0;
			shellPath = /bin/sh;
			shellScript = "if which swiftlint >/dev/null; then\n  swiftlint\nelse\n  echo \"warning: SwiftLint not installed, download from https://github.com/realm/SwiftLint\"\nfi\n";
		};
		D754F37D3A49973C51634CD2 /* [CP] Check Pods Manifest.lock */ = {
			isa = PBXShellScriptBuildPhase;
			buildActionMask = 2147483647;
			files = (
			);
			inputFileListPaths = (
			);
			inputPaths = (
				"${PODS_PODFILE_DIR_PATH}/Podfile.lock",
				"${PODS_ROOT}/Manifest.lock",
			);
			name = "[CP] Check Pods Manifest.lock";
			outputFileListPaths = (
			);
			outputPaths = (
				"$(DERIVED_FILE_DIR)/Pods-FoodTruckTracker-FoodTruckTrackerUITests-checkManifestLockResult.txt",
			);
			runOnlyForDeploymentPostprocessing = 0;
			shellPath = /bin/sh;
			shellScript = "diff \"${PODS_PODFILE_DIR_PATH}/Podfile.lock\" \"${PODS_ROOT}/Manifest.lock\" > /dev/null\nif [ $? != 0 ] ; then\n    # print error to STDERR\n    echo \"error: The sandbox is not in sync with the Podfile.lock. Run 'pod install' or update your CocoaPods installation.\" >&2\n    exit 1\nfi\n# This output is used by Xcode 'outputs' to avoid re-running this script phase.\necho \"SUCCESS\" > \"${SCRIPT_OUTPUT_FILE_0}\"\n";
			showEnvVarsInLog = 0;
		};
		E33528DD3E06FC8B69D29D14 /* [CP] Check Pods Manifest.lock */ = {
			isa = PBXShellScriptBuildPhase;
			buildActionMask = 2147483647;
			files = (
			);
			inputFileListPaths = (
			);
			inputPaths = (
				"${PODS_PODFILE_DIR_PATH}/Podfile.lock",
				"${PODS_ROOT}/Manifest.lock",
			);
			name = "[CP] Check Pods Manifest.lock";
			outputFileListPaths = (
			);
			outputPaths = (
				"$(DERIVED_FILE_DIR)/Pods-FoodTruckTracker-checkManifestLockResult.txt",
			);
			runOnlyForDeploymentPostprocessing = 0;
			shellPath = /bin/sh;
			shellScript = "diff \"${PODS_PODFILE_DIR_PATH}/Podfile.lock\" \"${PODS_ROOT}/Manifest.lock\" > /dev/null\nif [ $? != 0 ] ; then\n    # print error to STDERR\n    echo \"error: The sandbox is not in sync with the Podfile.lock. Run 'pod install' or update your CocoaPods installation.\" >&2\n    exit 1\nfi\n# This output is used by Xcode 'outputs' to avoid re-running this script phase.\necho \"SUCCESS\" > \"${SCRIPT_OUTPUT_FILE_0}\"\n";
			showEnvVarsInLog = 0;
		};
		E382044243FEE20FA8E843DB /* [CP] Check Pods Manifest.lock */ = {
			isa = PBXShellScriptBuildPhase;
			buildActionMask = 2147483647;
			files = (
			);
			inputFileListPaths = (
			);
			inputPaths = (
				"${PODS_PODFILE_DIR_PATH}/Podfile.lock",
				"${PODS_ROOT}/Manifest.lock",
			);
			name = "[CP] Check Pods Manifest.lock";
			outputFileListPaths = (
			);
			outputPaths = (
				"$(DERIVED_FILE_DIR)/Pods-FoodTruckTrackerTests-checkManifestLockResult.txt",
			);
			runOnlyForDeploymentPostprocessing = 0;
			shellPath = /bin/sh;
			shellScript = "diff \"${PODS_PODFILE_DIR_PATH}/Podfile.lock\" \"${PODS_ROOT}/Manifest.lock\" > /dev/null\nif [ $? != 0 ] ; then\n    # print error to STDERR\n    echo \"error: The sandbox is not in sync with the Podfile.lock. Run 'pod install' or update your CocoaPods installation.\" >&2\n    exit 1\nfi\n# This output is used by Xcode 'outputs' to avoid re-running this script phase.\necho \"SUCCESS\" > \"${SCRIPT_OUTPUT_FILE_0}\"\n";
			showEnvVarsInLog = 0;
		};
/* End PBXShellScriptBuildPhase section */

/* Begin PBXSourcesBuildPhase section */
		51D93BB224EE1C01009FC1A4 /* Sources */ = {
			isa = PBXSourcesBuildPhase;
			buildActionMask = 2147483647;
			files = (
				042CD95D24F4DB0000ADFCB5 /* CoreDataStack.swift in Sources */,
				042CD95124F4DAB700ADFCB5 /* FTTData.xcdatamodeld in Sources */,
				E18BA93424F75226005C54BE /* User.swift in Sources */,
				E18BA93624F7614A005C54BE /* Bearer.swift in Sources */,
				51B1C68724F73EC70001CD78 /* FTTRepresentation.swift in Sources */,
				51B1C68924F755AF0001CD78 /* FavoriteTrucksTableViewCell.swift in Sources */,
				E1F681CE24F7FA50007228CE /* SignUpViewController.swift in Sources */,
				51B1C68124F7302C0001CD78 /* FavoriteTrucksTableViewController.swift in Sources */,
				042CD93C24F4CC7300ADFCB5 /* TruckDetailViewController.swift in Sources */,
				042CD95524F4DAB700ADFCB5 /* Truck+Conveniece.swift in Sources */,
				51B1C68324F730F10001CD78 /* StarRatingController.swift in Sources */,
				042CD92424F4C4EB00ADFCB5 /* SearchViewController.swift in Sources */,
				042CD93624F4C9C500ADFCB5 /* MainTabBarController.swift in Sources */,
				0473F80124F7869E00FCAB5C /* CalloutView.swift in Sources */,
				E17FC1AC24FA06E50091751A /* MenuItemRepresentation.swift in Sources */,
				E17FC1AA24FA06250091751A /* TruckRepresentation.swift in Sources */,
				042CD95024F4DAB700ADFCB5 /* MenuItem+Conveniece.swift in Sources */,
				0473F80324F796A300FCAB5C /* Truck+MKAnnotation.swift in Sources */,
				E4D5D64B24F5FBCD0082374F /* MyTrucksTableViewController.swift in Sources */,
				E17FC1A824F9EA2D0091751A /* Truck.swift in Sources */,
				E4D5D64D24F60D690082374F /* MenuTableViewController.swift in Sources */,
				042CD95024F4DAB700ADFCB5 /* MenuItem+Conveniece.swift in Sources */,
				51D93BBA24EE1C01009FC1A4 /* AppDelegate.swift in Sources */,
				51D93BBC24EE1C01009FC1A4 /* SceneDelegate.swift in Sources */,
				042CD92824F4C4EB00ADFCB5 /* SearchResultsListViewController.swift in Sources */,
				E4D5D65124F60D980082374F /* MenuViewController.swift in Sources */,
				E1620C0124F5FBA0007F00AC /* APIController.swift in Sources */,
				042CD92724F4C4EB00ADFCB5 /* SearchResultsMapViewController.swift in Sources */,
				E4D5D65524F60EEA0082374F /* FoodTableViewCell.swift in Sources */,
				E4D5D65724F742670082374F /* TruckController.swift in Sources */,
				E1F681CC24F7E4D2007228CE /* LoginViewController.swift in Sources */,
				E4D5D65324F60EC40082374F /* TruckTableViewCell.swift in Sources */,
			);
			runOnlyForDeploymentPostprocessing = 0;
		};
		51D93BC824EE1C02009FC1A4 /* Sources */ = {
			isa = PBXSourcesBuildPhase;
			buildActionMask = 2147483647;
			files = (
				51D93BD124EE1C02009FC1A4 /* FoodTruckTrackerTests.swift in Sources */,
			);
			runOnlyForDeploymentPostprocessing = 0;
		};
		51D93BD324EE1C02009FC1A4 /* Sources */ = {
			isa = PBXSourcesBuildPhase;
			buildActionMask = 2147483647;
			files = (
				51D93BDC24EE1C02009FC1A4 /* FoodTruckTrackerUITests.swift in Sources */,
			);
			runOnlyForDeploymentPostprocessing = 0;
		};
/* End PBXSourcesBuildPhase section */

/* Begin PBXTargetDependency section */
		51D93BCE24EE1C02009FC1A4 /* PBXTargetDependency */ = {
			isa = PBXTargetDependency;
			target = 51D93BB524EE1C01009FC1A4 /* FoodTruckTracker */;
			targetProxy = 51D93BCD24EE1C02009FC1A4 /* PBXContainerItemProxy */;
		};
		51D93BD924EE1C02009FC1A4 /* PBXTargetDependency */ = {
			isa = PBXTargetDependency;
			target = 51D93BB524EE1C01009FC1A4 /* FoodTruckTracker */;
			targetProxy = 51D93BD824EE1C02009FC1A4 /* PBXContainerItemProxy */;
		};
/* End PBXTargetDependency section */

/* Begin PBXVariantGroup section */
		51D93BBF24EE1C01009FC1A4 /* Main.storyboard */ = {
			isa = PBXVariantGroup;
			children = (
				51D93BC024EE1C01009FC1A4 /* Base */,
			);
			name = Main.storyboard;
			sourceTree = "<group>";
		};
		51D93BC424EE1C02009FC1A4 /* LaunchScreen.storyboard */ = {
			isa = PBXVariantGroup;
			children = (
				51D93BC524EE1C02009FC1A4 /* Base */,
			);
			name = LaunchScreen.storyboard;
			sourceTree = "<group>";
		};
/* End PBXVariantGroup section */

/* Begin XCBuildConfiguration section */
		51D93BDE24EE1C02009FC1A4 /* Debug */ = {
			isa = XCBuildConfiguration;
			buildSettings = {
				ALWAYS_SEARCH_USER_PATHS = NO;
				CLANG_ANALYZER_NONNULL = YES;
				CLANG_ANALYZER_NUMBER_OBJECT_CONVERSION = YES_AGGRESSIVE;
				CLANG_CXX_LANGUAGE_STANDARD = "gnu++14";
				CLANG_CXX_LIBRARY = "libc++";
				CLANG_ENABLE_MODULES = YES;
				CLANG_ENABLE_OBJC_ARC = YES;
				CLANG_ENABLE_OBJC_WEAK = YES;
				CLANG_WARN_BLOCK_CAPTURE_AUTORELEASING = YES;
				CLANG_WARN_BOOL_CONVERSION = YES;
				CLANG_WARN_COMMA = YES;
				CLANG_WARN_CONSTANT_CONVERSION = YES;
				CLANG_WARN_DEPRECATED_OBJC_IMPLEMENTATIONS = YES;
				CLANG_WARN_DIRECT_OBJC_ISA_USAGE = YES_ERROR;
				CLANG_WARN_DOCUMENTATION_COMMENTS = YES;
				CLANG_WARN_EMPTY_BODY = YES;
				CLANG_WARN_ENUM_CONVERSION = YES;
				CLANG_WARN_INFINITE_RECURSION = YES;
				CLANG_WARN_INT_CONVERSION = YES;
				CLANG_WARN_NON_LITERAL_NULL_CONVERSION = YES;
				CLANG_WARN_OBJC_IMPLICIT_RETAIN_SELF = YES;
				CLANG_WARN_OBJC_LITERAL_CONVERSION = YES;
				CLANG_WARN_OBJC_ROOT_CLASS = YES_ERROR;
				CLANG_WARN_RANGE_LOOP_ANALYSIS = YES;
				CLANG_WARN_STRICT_PROTOTYPES = YES;
				CLANG_WARN_SUSPICIOUS_MOVE = YES;
				CLANG_WARN_UNGUARDED_AVAILABILITY = YES_AGGRESSIVE;
				CLANG_WARN_UNREACHABLE_CODE = YES;
				CLANG_WARN__DUPLICATE_METHOD_MATCH = YES;
				COPY_PHASE_STRIP = NO;
				DEBUG_INFORMATION_FORMAT = dwarf;
				ENABLE_STRICT_OBJC_MSGSEND = YES;
				ENABLE_TESTABILITY = YES;
				GCC_C_LANGUAGE_STANDARD = gnu11;
				GCC_DYNAMIC_NO_PIC = NO;
				GCC_NO_COMMON_BLOCKS = YES;
				GCC_OPTIMIZATION_LEVEL = 0;
				GCC_PREPROCESSOR_DEFINITIONS = (
					"DEBUG=1",
					"$(inherited)",
				);
				GCC_WARN_64_TO_32_BIT_CONVERSION = YES;
				GCC_WARN_ABOUT_RETURN_TYPE = YES_ERROR;
				GCC_WARN_UNDECLARED_SELECTOR = YES;
				GCC_WARN_UNINITIALIZED_AUTOS = YES_AGGRESSIVE;
				GCC_WARN_UNUSED_FUNCTION = YES;
				GCC_WARN_UNUSED_VARIABLE = YES;
				IPHONEOS_DEPLOYMENT_TARGET = 13.6;
				MTL_ENABLE_DEBUG_INFO = INCLUDE_SOURCE;
				MTL_FAST_MATH = YES;
				ONLY_ACTIVE_ARCH = YES;
				SDKROOT = iphoneos;
				SWIFT_ACTIVE_COMPILATION_CONDITIONS = DEBUG;
				SWIFT_OPTIMIZATION_LEVEL = "-Onone";
			};
			name = Debug;
		};
		51D93BDF24EE1C02009FC1A4 /* Release */ = {
			isa = XCBuildConfiguration;
			buildSettings = {
				ALWAYS_SEARCH_USER_PATHS = NO;
				CLANG_ANALYZER_NONNULL = YES;
				CLANG_ANALYZER_NUMBER_OBJECT_CONVERSION = YES_AGGRESSIVE;
				CLANG_CXX_LANGUAGE_STANDARD = "gnu++14";
				CLANG_CXX_LIBRARY = "libc++";
				CLANG_ENABLE_MODULES = YES;
				CLANG_ENABLE_OBJC_ARC = YES;
				CLANG_ENABLE_OBJC_WEAK = YES;
				CLANG_WARN_BLOCK_CAPTURE_AUTORELEASING = YES;
				CLANG_WARN_BOOL_CONVERSION = YES;
				CLANG_WARN_COMMA = YES;
				CLANG_WARN_CONSTANT_CONVERSION = YES;
				CLANG_WARN_DEPRECATED_OBJC_IMPLEMENTATIONS = YES;
				CLANG_WARN_DIRECT_OBJC_ISA_USAGE = YES_ERROR;
				CLANG_WARN_DOCUMENTATION_COMMENTS = YES;
				CLANG_WARN_EMPTY_BODY = YES;
				CLANG_WARN_ENUM_CONVERSION = YES;
				CLANG_WARN_INFINITE_RECURSION = YES;
				CLANG_WARN_INT_CONVERSION = YES;
				CLANG_WARN_NON_LITERAL_NULL_CONVERSION = YES;
				CLANG_WARN_OBJC_IMPLICIT_RETAIN_SELF = YES;
				CLANG_WARN_OBJC_LITERAL_CONVERSION = YES;
				CLANG_WARN_OBJC_ROOT_CLASS = YES_ERROR;
				CLANG_WARN_RANGE_LOOP_ANALYSIS = YES;
				CLANG_WARN_STRICT_PROTOTYPES = YES;
				CLANG_WARN_SUSPICIOUS_MOVE = YES;
				CLANG_WARN_UNGUARDED_AVAILABILITY = YES_AGGRESSIVE;
				CLANG_WARN_UNREACHABLE_CODE = YES;
				CLANG_WARN__DUPLICATE_METHOD_MATCH = YES;
				COPY_PHASE_STRIP = NO;
				DEBUG_INFORMATION_FORMAT = "dwarf-with-dsym";
				ENABLE_NS_ASSERTIONS = NO;
				ENABLE_STRICT_OBJC_MSGSEND = YES;
				GCC_C_LANGUAGE_STANDARD = gnu11;
				GCC_NO_COMMON_BLOCKS = YES;
				GCC_WARN_64_TO_32_BIT_CONVERSION = YES;
				GCC_WARN_ABOUT_RETURN_TYPE = YES_ERROR;
				GCC_WARN_UNDECLARED_SELECTOR = YES;
				GCC_WARN_UNINITIALIZED_AUTOS = YES_AGGRESSIVE;
				GCC_WARN_UNUSED_FUNCTION = YES;
				GCC_WARN_UNUSED_VARIABLE = YES;
				IPHONEOS_DEPLOYMENT_TARGET = 13.6;
				MTL_ENABLE_DEBUG_INFO = NO;
				MTL_FAST_MATH = YES;
				SDKROOT = iphoneos;
				SWIFT_COMPILATION_MODE = wholemodule;
				SWIFT_OPTIMIZATION_LEVEL = "-O";
				VALIDATE_PRODUCT = YES;
			};
			name = Release;
		};
		51D93BE124EE1C02009FC1A4 /* Debug */ = {
			isa = XCBuildConfiguration;
			baseConfigurationReference = EF06AAF406FB457FDEC28EC1 /* Pods-FoodTruckTracker.debug.xcconfig */;
			buildSettings = {
				ASSETCATALOG_COMPILER_APPICON_NAME = AppIcon;
				CODE_SIGN_STYLE = Automatic;
				DEVELOPMENT_TEAM = HMX25T49H2;
				INFOPLIST_FILE = FoodTruckTracker/App/Info.plist;
				LD_RUNPATH_SEARCH_PATHS = (
					"$(inherited)",
					"@executable_path/Frameworks",
				);
				PRODUCT_BUNDLE_IDENTIFIER = jkGames.FoodTruckTracker;
				PRODUCT_NAME = "$(TARGET_NAME)";
				SWIFT_VERSION = 5.0;
				TARGETED_DEVICE_FAMILY = "1,2";
			};
			name = Debug;
		};
		51D93BE224EE1C02009FC1A4 /* Release */ = {
			isa = XCBuildConfiguration;
			baseConfigurationReference = 067E8D58DAEAB9C008A63112 /* Pods-FoodTruckTracker.release.xcconfig */;
			buildSettings = {
				ASSETCATALOG_COMPILER_APPICON_NAME = AppIcon;
				CODE_SIGN_STYLE = Automatic;
				DEVELOPMENT_TEAM = HMX25T49H2;
				INFOPLIST_FILE = FoodTruckTracker/App/Info.plist;
				LD_RUNPATH_SEARCH_PATHS = (
					"$(inherited)",
					"@executable_path/Frameworks",
				);
				PRODUCT_BUNDLE_IDENTIFIER = jkGames.FoodTruckTracker;
				PRODUCT_NAME = "$(TARGET_NAME)";
				SWIFT_VERSION = 5.0;
				TARGETED_DEVICE_FAMILY = "1,2";
			};
			name = Release;
		};
		51D93BE424EE1C02009FC1A4 /* Debug */ = {
			isa = XCBuildConfiguration;
			baseConfigurationReference = 2C4620CE0F4EE2356D504324 /* Pods-FoodTruckTrackerTests.debug.xcconfig */;
			buildSettings = {
				ALWAYS_EMBED_SWIFT_STANDARD_LIBRARIES = YES;
				BUNDLE_LOADER = "$(TEST_HOST)";
				CODE_SIGN_STYLE = Automatic;
				DEVELOPMENT_TEAM = HMX25T49H2;
				INFOPLIST_FILE = FoodTruckTrackerTests/Info.plist;
				IPHONEOS_DEPLOYMENT_TARGET = 13.6;
				LD_RUNPATH_SEARCH_PATHS = (
					"$(inherited)",
					"@executable_path/Frameworks",
					"@loader_path/Frameworks",
				);
				PRODUCT_BUNDLE_IDENTIFIER = jkGames.FoodTruckTrackerTests;
				PRODUCT_NAME = "$(TARGET_NAME)";
				SWIFT_VERSION = 5.0;
				TARGETED_DEVICE_FAMILY = "1,2";
				TEST_HOST = "$(BUILT_PRODUCTS_DIR)/FoodTruckTracker.app/FoodTruckTracker";
			};
			name = Debug;
		};
		51D93BE524EE1C02009FC1A4 /* Release */ = {
			isa = XCBuildConfiguration;
			baseConfigurationReference = 1134341206100CD3EB552737 /* Pods-FoodTruckTrackerTests.release.xcconfig */;
			buildSettings = {
				ALWAYS_EMBED_SWIFT_STANDARD_LIBRARIES = YES;
				BUNDLE_LOADER = "$(TEST_HOST)";
				CODE_SIGN_STYLE = Automatic;
				DEVELOPMENT_TEAM = HMX25T49H2;
				INFOPLIST_FILE = FoodTruckTrackerTests/Info.plist;
				IPHONEOS_DEPLOYMENT_TARGET = 13.6;
				LD_RUNPATH_SEARCH_PATHS = (
					"$(inherited)",
					"@executable_path/Frameworks",
					"@loader_path/Frameworks",
				);
				PRODUCT_BUNDLE_IDENTIFIER = jkGames.FoodTruckTrackerTests;
				PRODUCT_NAME = "$(TARGET_NAME)";
				SWIFT_VERSION = 5.0;
				TARGETED_DEVICE_FAMILY = "1,2";
				TEST_HOST = "$(BUILT_PRODUCTS_DIR)/FoodTruckTracker.app/FoodTruckTracker";
			};
			name = Release;
		};
		51D93BE724EE1C02009FC1A4 /* Debug */ = {
			isa = XCBuildConfiguration;
			baseConfigurationReference = C89ADC8A7D1102BDFBE28662 /* Pods-FoodTruckTracker-FoodTruckTrackerUITests.debug.xcconfig */;
			buildSettings = {
				ALWAYS_EMBED_SWIFT_STANDARD_LIBRARIES = YES;
				CODE_SIGN_STYLE = Automatic;
				DEVELOPMENT_TEAM = HMX25T49H2;
				INFOPLIST_FILE = FoodTruckTrackerUITests/Info.plist;
				LD_RUNPATH_SEARCH_PATHS = (
					"$(inherited)",
					"@executable_path/Frameworks",
					"@loader_path/Frameworks",
				);
				PRODUCT_BUNDLE_IDENTIFIER = jkGames.FoodTruckTrackerUITests;
				PRODUCT_NAME = "$(TARGET_NAME)";
				SWIFT_VERSION = 5.0;
				TARGETED_DEVICE_FAMILY = "1,2";
				TEST_TARGET_NAME = FoodTruckTracker;
			};
			name = Debug;
		};
		51D93BE824EE1C02009FC1A4 /* Release */ = {
			isa = XCBuildConfiguration;
			baseConfigurationReference = B19DE097E57357FB57818C1D /* Pods-FoodTruckTracker-FoodTruckTrackerUITests.release.xcconfig */;
			buildSettings = {
				ALWAYS_EMBED_SWIFT_STANDARD_LIBRARIES = YES;
				CODE_SIGN_STYLE = Automatic;
				DEVELOPMENT_TEAM = HMX25T49H2;
				INFOPLIST_FILE = FoodTruckTrackerUITests/Info.plist;
				LD_RUNPATH_SEARCH_PATHS = (
					"$(inherited)",
					"@executable_path/Frameworks",
					"@loader_path/Frameworks",
				);
				PRODUCT_BUNDLE_IDENTIFIER = jkGames.FoodTruckTrackerUITests;
				PRODUCT_NAME = "$(TARGET_NAME)";
				SWIFT_VERSION = 5.0;
				TARGETED_DEVICE_FAMILY = "1,2";
				TEST_TARGET_NAME = FoodTruckTracker;
			};
			name = Release;
		};
/* End XCBuildConfiguration section */

/* Begin XCConfigurationList section */
		51D93BB124EE1C01009FC1A4 /* Build configuration list for PBXProject "FoodTruckTracker" */ = {
			isa = XCConfigurationList;
			buildConfigurations = (
				51D93BDE24EE1C02009FC1A4 /* Debug */,
				51D93BDF24EE1C02009FC1A4 /* Release */,
			);
			defaultConfigurationIsVisible = 0;
			defaultConfigurationName = Release;
		};
		51D93BE024EE1C02009FC1A4 /* Build configuration list for PBXNativeTarget "FoodTruckTracker" */ = {
			isa = XCConfigurationList;
			buildConfigurations = (
				51D93BE124EE1C02009FC1A4 /* Debug */,
				51D93BE224EE1C02009FC1A4 /* Release */,
			);
			defaultConfigurationIsVisible = 0;
			defaultConfigurationName = Release;
		};
		51D93BE324EE1C02009FC1A4 /* Build configuration list for PBXNativeTarget "FoodTruckTrackerTests" */ = {
			isa = XCConfigurationList;
			buildConfigurations = (
				51D93BE424EE1C02009FC1A4 /* Debug */,
				51D93BE524EE1C02009FC1A4 /* Release */,
			);
			defaultConfigurationIsVisible = 0;
			defaultConfigurationName = Release;
		};
		51D93BE624EE1C02009FC1A4 /* Build configuration list for PBXNativeTarget "FoodTruckTrackerUITests" */ = {
			isa = XCConfigurationList;
			buildConfigurations = (
				51D93BE724EE1C02009FC1A4 /* Debug */,
				51D93BE824EE1C02009FC1A4 /* Release */,
			);
			defaultConfigurationIsVisible = 0;
			defaultConfigurationName = Release;
		};
/* End XCConfigurationList section */

/* Begin XCVersionGroup section */
		042CD94324F4DAB700ADFCB5 /* FTTData.xcdatamodeld */ = {
			isa = XCVersionGroup;
			children = (
				042CD94424F4DAB700ADFCB5 /* FTTData.xcdatamodel */,
			);
			currentVersion = 042CD94424F4DAB700ADFCB5 /* FTTData.xcdatamodel */;
			path = FTTData.xcdatamodeld;
			sourceTree = "<group>";
			versionGroupType = wrapper.xcdatamodel;
		};
/* End XCVersionGroup section */
	};
	rootObject = 51D93BAE24EE1C01009FC1A4 /* Project object */;
}
